
Microsoft Visual Studio Solution File, Format Version 12.00
# Visual Studio 15
VisualStudioVersion = 15.0.28307.1267
MinimumVisualStudioVersion = 10.0.40219.1
Project("{FAE04EC0-301F-11D3-BF4B-00C04F79EFBC}") = "Server_AlfiNurAziz_034", "ServerdanClient_AlfiNurAziz_034\Server_AlfiNurAziz_034.csproj", "{A6EA06EA-D2CB-40ED-875C-24705F106013}"
EndProject
Project("{FAE04EC0-301F-11D3-BF4B-00C04F79EFBC}") = "Client_AlfiNurAziz_034", "Client_AlfiNurAziz_034\Client_AlfiNurAziz_034.csproj", "{EC6F5C80-CD87-4EFD-8952-34CE8FE2C6EE}"
EndProject
Global
	GlobalSection(SolutionConfigurationPlatforms) = preSolution
		Debug|Any CPU = Debug|Any CPU
		Release|Any CPU = Release|Any CPU
	EndGlobalSection
	GlobalSection(ProjectConfigurationPlatforms) = postSolution
		{A6EA06EA-D2CB-40ED-875C-24705F106013}.Debug|Any CPU.ActiveCfg = Debug|Any CPU
		{A6EA06EA-D2CB-40ED-875C-24705F106013}.Debug|Any CPU.Build.0 = Debug|Any CPU
		{A6EA06EA-D2CB-40ED-875C-24705F106013}.Release|Any CPU.ActiveCfg = Release|Any CPU
		{A6EA06EA-D2CB-40ED-875C-24705F106013}.Release|Any CPU.Build.0 = Release|Any CPU
		{EC6F5C80-CD87-4EFD-8952-34CE8FE2C6EE}.Debug|Any CPU.ActiveCfg = Debug|Any CPU
		{EC6F5C80-CD87-4EFD-8952-34CE8FE2C6EE}.Debug|Any CPU.Build.0 = Debug|Any CPU
		{EC6F5C80-CD87-4EFD-8952-34CE8FE2C6EE}.Release|Any CPU.ActiveCfg = Release|Any CPU
		{EC6F5C80-CD87-4EFD-8952-34CE8FE2C6EE}.Release|Any CPU.Build.0 = Release|Any CPU
	EndGlobalSection
	GlobalSection(SolutionProperties) = preSolution
		HideSolutionNode = FALSE
	EndGlobalSection
	GlobalSection(ExtensibilityGlobals) = postSolution
		SolutionGuid = {AF51A700-E339-4426-ADE8-C770641CA1D7}
	EndGlobalSection
EndGlobal
